[
  {
    "propertyName": "BlankExperienceSeoSettings",
    "propertyType": "component"
  },
  {
    "propertyName": "seo_data",
    "propertyType": "component"
  },
  {
    "propertyName": "Heading",
    "propertyType": "string"
  },
  {
    "propertyName": "ArticleSubHeading",
    "propertyType": "string"
  },
  {
    "propertyName": "Topic",
    "propertyType": "string"
  },
  {
    "propertyName": "BlogPostBody",
    "propertyType": "richText"
  },
  {
    "propertyName": "ArticleAuthor",
    "propertyType": "string"
  },
  {
    "propertyName": "BlogPostPromoImage",
    "propertyType": "contentReference"
  },
  {
    "propertyName": "continueReading",
    "propertyType": "content"
  },
  {
    "propertyName": "SeoSettings",
    "propertyType": "component"
  },
  {
    "propertyName": "TopContentArea",
    "propertyType": "content"
  },
  {
    "propertyName": "MainContentArea",
    "propertyType": "content"
  },
  {
    "propertyName": "StandardPromoImage",
    "propertyType": "contentReference"
  },
  {
    "propertyName": "StandardPageHeading",
    "propertyType": "string"
  },
  {
    "propertyName": "StandardSubHeading",
    "propertyType": "string"
  },
  {
    "propertyName": "MainBody",
    "propertyType": "richText"
  },
  {
    "propertyName": "HomePageHeroContentArea",
    "propertyType": "content"
  },
  {
    "propertyName": "SiteImageLogo",
    "propertyType": "contentReference"
  },
  {
    "propertyName": "HomePageMainContentArea",
    "propertyType": "content"
  },
  {
    "propertyName": "MainNavigationContentArea",
    "propertyType": "content"
  },
  {
    "propertyName": "UtilityNavigationContentArea",
    "propertyType": "content"
  },
  {
    "propertyName": "FooterNavigationContentArea",
    "propertyType": "content"
  },
  {
    "propertyName": "FooterNavigationCopyrightText",
    "propertyType": "string"
  },
  {
    "propertyName": "FooterNavigationSubLinks",
    "propertyType": "link"
  },
  {
    "propertyName": "Title",
    "propertyType": "string"
  },
  {
    "propertyName": "Description",
    "propertyType": "string"
  },
  {
    "propertyName": "ShowSummaryMessageAfterSubmission",
    "propertyType": "boolean"
  },
  {
    "propertyName": "SubmitConfirmationMessage",
    "propertyType": "string"
  },
  {
    "propertyName": "ResetConfirmationMessage",
    "propertyType": "string"
  },
  {
    "propertyName": "SubmitUrl",
    "propertyType": "url"
  },
  {
    "propertyName": "ButtonText",
    "propertyType": "string"
  },
  {
    "propertyName": "ButtonUrl",
    "propertyType": "url"
  },
  {
    "propertyName": "ButtonClass",
    "propertyType": "string"
  },
  {
    "propertyName": "ButtonType",
    "propertyType": "string"
  },
  {
    "propertyName": "ButtonVariant",
    "propertyType": "string"
  },
  {
    "propertyName": "MetaTitle",
    "propertyType": "string"
  },
  {
    "propertyName": "MetaDescription",
    "propertyType": "string"
  },
  {
    "propertyName": "MetaKeywords",
    "propertyType": "string"
  },
  {
    "propertyName": "SharingImage",
    "propertyType": "contentReference"
  },
  {
    "propertyName": "GraphType",
    "propertyType": "string"
  },
  {
    "propertyName": "articleListCount",
    "propertyType": "integer"
  },
  {
    "propertyName": "topics",
    "propertyType": "string"
  },
  {
    "propertyName": "BlogListingShowFilters",
    "propertyType": "boolean"
  },
  {
    "propertyName": "BlogListingItemCount",
    "propertyType": "integer"
  },
  {
    "propertyName": "Text",
    "propertyType": "string"
  },
  {
    "propertyName": "Link",
    "propertyType": "url"
  },
  {
    "propertyName": "CardHeading",
    "propertyType": "string"
  },
  {
    "propertyName": "CardSubHeading",
    "propertyType": "string"
  },
  {
    "propertyName": "CardDescription",
    "propertyType": "richText"
  },
  {
    "propertyName": "CardColor",
    "propertyType": "string"
  },
  {
    "propertyName": "CardButton",
    "propertyType": "component"
  },
  {
    "propertyName": "CardIcon",
    "propertyType": "contentReference"
  },
  {
    "propertyName": "ImageLayout",
    "propertyType": "string"
  },
  {
    "propertyName": "CardImage",
    "propertyType": "contentReference"
  },
  {
    "propertyName": "CarouselItemsContentArea",
    "propertyType": "content"
  },
  {
    "propertyName": "BlockDeliveryApiKey",
    "propertyType": "string"
  },
  {
    "propertyName": "BlockRecommendationCount",
    "propertyType": "integer"
  },
  {
    "propertyName": "ElementDeliveryApiKey",
    "propertyType": "string"
  },
  {
    "propertyName": "ElementRecommendationCount",
    "propertyType": "integer"
  },
  {
    "propertyName": "topline",
    "propertyType": "string"
  },
  {
    "propertyName": "shared",
    "propertyType": "boolean"
  },
  {
    "propertyName": "heading",
    "propertyType": "string"
  },
  {
    "propertyName": "content",
    "propertyType": "content"
  },
  {
    "propertyName": "headingText",
    "propertyType": "string"
  },
  {
    "propertyName": "test",
    "propertyType": "string"
  },
  {
    "propertyName": "HeroImage",
    "propertyType": "contentReference"
  },
  {
    "propertyName": "Icon",
    "propertyType": "string"
  },
  {
    "propertyName": "Eyebrow",
    "propertyType": "string"
  },
  {
    "propertyName": "SubHeading",
    "propertyType": "string"
  },
  {
    "propertyName": "DescriptionRichText",
    "propertyType": "richText"
  },
  {
    "propertyName": "HeroColor",
    "propertyType": "string"
  },
  {
    "propertyName": "HeroButton",
    "propertyType": "component"
  },
  {
    "propertyName": "HomeHeroBlockHeading",
    "propertyType": "string"
  },
  {
    "propertyName": "HomeHeroBlockSubHeading",
    "propertyType": "string"
  },
  {
    "propertyName": "HomeHeroLeftImage",
    "propertyType": "contentReference"
  },
  {
    "propertyName": "HomeHeroRightImage",
    "propertyType": "contentReference"
  },
  {
    "propertyName": "HomeHeroButtonBlock",
    "propertyType": "component"
  },
  {
    "propertyName": "HtmlBlockHeading",
    "propertyType": "string"
  },
  {
    "propertyName": "HtmlContent",
    "propertyType": "richText"
  },
  {
    "propertyName": "altText",
    "propertyType": "string"
  },
  {
    "propertyName": "imageLink",
    "propertyType": "contentReference"
  },
  {
    "propertyName": "ColumnsCount",
    "propertyType": "integer"
  },
  {
    "propertyName": "GapSize",
    "propertyType": "string"
  },
  {
    "propertyName": "LayoutContentArea",
    "propertyType": "content"
  },
  {
    "propertyName": "ContainerBackgroundColor",
    "propertyType": "string"
  },
  {
    "propertyName": "ContainerBackgroundImage",
    "propertyType": "contentReference"
  },
  {
    "propertyName": "ContainerMarginTop",
    "propertyType": "string"
  },
  {
    "propertyName": "ContainerMarginBottom",
    "propertyType": "string"
  },
  {
    "propertyName": "ContainerPaddingBottom",
    "propertyType": "string"
  },
  {
    "propertyName": "ContainerPaddingTop",
    "propertyType": "string"
  },
  {
    "propertyName": "mainMenu",
    "propertyType": "content"
  },
  {
    "propertyName": "contactInfoHeading",
    "propertyType": "string"
  },
  {
    "propertyName": "serviceButtons",
    "propertyType": "content"
  },
  {
    "propertyName": "contactInfo",
    "propertyType": "richText"
  },
  {
    "propertyName": "footerMenus",
    "propertyType": "content"
  },
  {
    "propertyName": "copyright",
    "propertyType": "string"
  },
  {
    "propertyName": "legalLinks",
    "propertyType": "link"
  },
  {
    "propertyName": "appIdentifiers",
    "propertyType": "string"
  },
  {
    "propertyName": "MenuMenuHeading",
    "propertyType": "string"
  },
  {
    "propertyName": "MegaMenuUrl",
    "propertyType": "url"
  },
  {
    "propertyName": "MegaMenuContentArea",
    "propertyType": "content"
  },
  {
    "propertyName": "MenuNavigationHeading",
    "propertyType": "string"
  },
  {
    "propertyName": "NavigationLinks",
    "propertyType": "link"
  },
  {
    "propertyName": "ContentId",
    "propertyType": "string"
  },
  {
    "propertyName": "Label",
    "propertyType": "string"
  },
  {
    "propertyName": "Tooltip",
    "propertyType": "string"
  },
  {
    "propertyName": "Options",
    "propertyType": "json"
  },
  {
    "propertyName": "AllowMultiSelect",
    "propertyType": "boolean"
  },
  {
    "propertyName": "Validators",
    "propertyType": "json"
  },
  {
    "propertyName": "Placeholder",
    "propertyType": "string"
  },
  {
    "propertyName": "PredefinedValue",
    "propertyType": "string"
  },
  {
    "propertyName": "AutoComplete",
    "propertyType": "string"
  },
  {
    "propertyName": "Min",
    "propertyType": "integer"
  },
  {
    "propertyName": "Max",
    "propertyType": "integer"
  },
  {
    "propertyName": "Increment",
    "propertyType": "integer"
  },
  {
    "propertyName": "text",
    "propertyType": "richText"
  },
  {
    "propertyName": "QuoteText",
    "propertyType": "string"
  },
  {
    "propertyName": "QuoteColor",
    "propertyType": "string"
  },
  {
    "propertyName": "QuoteProfilePicture",
    "propertyType": "contentReference"
  },
  {
    "propertyName": "QuoteProfileName",
    "propertyType": "string"
  },
  {
    "propertyName": "QuoteProfileLocation",
    "propertyType": "string"
  },
  {
    "propertyName": "QuoteActive",
    "propertyType": "boolean"
  },
  {
    "propertyName": "customerName",
    "propertyType": "string"
  },
  {
    "propertyName": "customerLocation",
    "propertyType": "string"
  },
  {
    "propertyName": "customerImage",
    "propertyType": "contentReference"
  },
  {
    "propertyName": "referenceTitle",
    "propertyType": "string"
  },
  {
    "propertyName": "referenceText",
    "propertyType": "richText"
  },
  {
    "propertyName": "TextBlockOverline",
    "propertyType": "string"
  },
  {
    "propertyName": "TextBlockHeading",
    "propertyType": "string"
  },
  {
    "propertyName": "TextBlockHeadingSize",
    "propertyType": "string"
  },
  {
    "propertyName": "TextBlockDescription",
    "propertyType": "richText"
  },
  {
    "propertyName": "TextBlockWidth",
    "propertyType": "string"
  },
  {
    "propertyName": "TextCenter",
    "propertyType": "boolean"
  },
  {
    "propertyName": "TextClassName",
    "propertyType": "string"
  },
  {
    "propertyName": "video",
    "propertyType": "contentReference"
  },
  {
    "propertyName": "title",
    "propertyType": "string"
  },
  {
    "propertyName": "placeholder",
    "propertyType": "contentReference"
  },
  {
    "propertyName": "url",
    "propertyType": "string"
  },
  {
    "propertyName": "mimeType",
    "propertyType": "string"
  },
  {
    "propertyName": "fileSize",
    "propertyType": "float"
  },
  {
    "propertyName": "height",
    "propertyType": "integer"
  },
  {
    "propertyName": "width",
    "propertyType": "integer"
  },
  {
    "propertyName": "type",
    "propertyType": "string"
  },
  {
    "propertyName": "lastModified",
    "propertyType": "dateTime"
  },
  {
    "propertyName": "displayName",
    "propertyType": "string"
  },
  {
    "propertyName": "key",
    "propertyType": "string"
  },
  {
    "propertyName": "AltText",
    "propertyType": "string"
  }
]